
Microsoft Visual Studio Solution File, Format Version 12.00
# Visual Studio 15
VisualStudioVersion = 15.0.27703.2035
MinimumVisualStudioVersion = 10.0.40219.1
Project("{FAE04EC0-301F-11D3-BF4B-00C04F79EFBC}") = "WebBootGrid", "WebBootGrid\WebBootGrid.csproj", "{FCC3BFF4-9A91-4F02-A0B6-F0B8D78048F9}"
EndProject
Global
	GlobalSection(SolutionConfigurationPlatforms) = preSolution
		Debug|Any CPU = Debug|Any CPU
		Release|Any CPU = Release|Any CPU
	EndGlobalSection
	GlobalSection(ProjectConfigurationPlatforms) = postSolution
		{FCC3BFF4-9A91-4F02-A0B6-F0B8D78048F9}.Debug|Any CPU.ActiveCfg = Debug|Any CPU
		{FCC3BFF4-9A91-4F02-A0B6-F0B8D78048F9}.Debug|Any CPU.Build.0 = Debug|Any CPU
		{FCC3BFF4-9A91-4F02-A0B6-F0B8D78048F9}.Release|Any CPU.ActiveCfg = Release|Any CPU
		{FCC3BFF4-9A91-4F02-A0B6-F0B8D78048F9}.Release|Any CPU.Build.0 = Release|Any CPU
	EndGlobalSection
	GlobalSection(SolutionProperties) = preSolution
		HideSolutionNode = FALSE
	EndGlobalSection
	GlobalSection(ExtensibilityGlobals) = postSolution
		SolutionGuid = {1F669B21-1D56-4996-AEBC-981C7B2BA010}
	EndGlobalSection
EndGlobal
